# This file was autogenerated by Stack.
# You should not edit this file by hand.
# For more information, please see the documentation at:
#   https://docs.haskellstack.org/en/stable/topics/lock_files

packages: []
snapshots:
- completed:
    sha256: f98e8d2cba89b7795d4107f0885b327ab09365f3a24539c850987a11b959dbc1
    size: 771156
    url: https://raw.githubusercontent.com/commercialhaskell/stackage-snapshots/refs/heads/master/nightly/2026/8/13.yaml
  original:
    url: https://raw.githubusercontent.com/commercialhaskell/stackage-snapshots/refs/heads/master/nightly/2026/8/13.yaml
